Microsoft Visual Studio Solution File, Format Version 11.00
# Visual Studio 2008

Project("{29E071A9-ABF9-3A41-3B63-1C68DA5852F7}") = "Kingdoms of Kaledonia", "Assembly-CSharp.csproj", "{C813F937-E074-0E97-1C56-000E84D5EAED}"
EndProject
Global
	GlobalSection(SolutionConfigurationPlatforms) = preSolution
		Debug|Any CPU = Debug|Any CPU
		Release|Any CPU = Release|Any CPU
	EndGlobalSection
	GlobalSection(ProjectConfigurationPlatforms) = postSolution
		{C813F937-E074-0E97-1C56-000E84D5EAED}.Debug|Any CPU.ActiveCfg = Debug|Any CPU
		{C813F937-E074-0E97-1C56-000E84D5EAED}.Debug|Any CPU.Build.0 = Debug|Any CPU
		{C813F937-E074-0E97-1C56-000E84D5EAED}.Release|Any CPU.ActiveCfg = Release|Any CPU
		{C813F937-E074-0E97-1C56-000E84D5EAED}.Release|Any CPU.Build.0 = Release|Any CPU
	EndGlobalSection
	GlobalSection(SolutionProperties) = preSolution
		HideSolutionNode = FALSE
	EndGlobalSection
	GlobalSection(MonoDevelopProperties) = preSolution
		StartupItem = Assembly-CSharp.csproj
	EndGlobalSection
EndGlobal
